
Microsoft Visual Studio Solution File, Format Version 11.00
# Visual Studio 2010
Project("{FAE04EC0-301F-11D3-BF4B-00C04F79EFBC}") = "Unity.2D.PixelPerfect.Tests", "Unity.2D.PixelPerfect.Tests.csproj", "{EF9FB7E8-A00E-BF08-3F1D-B4B27F6EE5C7}"
EndProject
Project("{FAE04EC0-301F-11D3-BF4B-00C04F79EFBC}") = "UnityEngine.TestRunner", "UnityEngine.TestRunner.csproj", "{A624CDD7-E6B0-B454-B8E9-768D41C7D521}"
EndProject
Project("{FAE04EC0-301F-11D3-BF4B-00C04F79EFBC}") = "Unity.Mathematics", "Unity.Mathematics.csproj", "{C7AC1489-A818-585E-9A76-3447097CCFCC}"
EndProject
Project("{FAE04EC0-301F-11D3-BF4B-00C04F79EFBC}") = "Unity.2D.Animation.Triangle.Runtime", "Unity.2D.Animation.Triangle.Runtime.csproj", "{6D01CDEF-8BFA-88D9-4F8B-9A2F983A75EB}"
EndProject
Project("{FAE04EC0-301F-11D3-BF4B-00C04F79EFBC}") = "UnityEngine.UI.Tests", "UnityEngine.UI.Tests.csproj", "{FD968A1D-2293-E0AC-91AB-7138F9127582}"
EndProject
Project("{FAE04EC0-301F-11D3-BF4B-00C04F79EFBC}") = "Unity.Timeline", "Unity.Timeline.csproj", "{8D002AF3-F663-0D67-5797-C0CEA53ACE99}"
EndProject
Project("{FAE04EC0-301F-11D3-BF4B-00C04F79EFBC}") = "UnityEngine.UI", "UnityEngine.UI.csproj", "{BF2EBFB4-AC32-AB04-65D6-A2B4E870A490}"
EndProject
Project("{FAE04EC0-301F-11D3-BF4B-00C04F79EFBC}") = "Unity.TextMeshPro", "Unity.TextMeshPro.csproj", "{B5F70C9D-74EF-A76D-7C17-869E99471AD0}"
EndProject
Project("{FAE04EC0-301F-11D3-BF4B-00C04F79EFBC}") = "Unity.2D.Animation.Runtime", "Unity.2D.Animation.Runtime.csproj", "{ABE921BB-F816-FD07-8567-099530AC2008}"
EndProject
Project("{FAE04EC0-301F-11D3-BF4B-00C04F79EFBC}") = "Unity.2D.IK.Runtime", "Unity.2D.IK.Runtime.csproj", "{A514BF65-7EAA-A51F-B40E-79F35C34ED28}"
EndProject
Project("{FAE04EC0-301F-11D3-BF4B-00C04F79EFBC}") = "Unity.2D.SpriteShape.Runtime", "Unity.2D.SpriteShape.Runtime.csproj", "{07699FE7-D7BC-9DFB-4053-07BF61D69F0B}"
EndProject
Project("{FAE04EC0-301F-11D3-BF4B-00C04F79EFBC}") = "Unity.2D.PixelPerfect", "Unity.2D.PixelPerfect.csproj", "{27FD88FF-FC39-D032-42BA-663324F12C3B}"
EndProject
Project("{FAE04EC0-301F-11D3-BF4B-00C04F79EFBC}") = "Unity.2D.Common.Runtime", "Unity.2D.Common.Runtime.csproj", "{01C631FB-B91A-F764-F0D7-69245998AD5E}"
EndProject
Project("{FAE04EC0-301F-11D3-BF4B-00C04F79EFBC}") = "Unity.TextMeshPro.Tests", "Unity.TextMeshPro.Tests.csproj", "{F6B531F7-2D1F-E7BA-FDBD-B13DBE49E6F9}"
EndProject
Project("{FAE04EC0-301F-11D3-BF4B-00C04F79EFBC}") = "Unity.InternalAPIEngineBridge.001", "Unity.InternalAPIEngineBridge.001.csproj", "{C037598B-F99A-8BB7-375E-B4D0CEE898CC}"
EndProject
Project("{FAE04EC0-301F-11D3-BF4B-00C04F79EFBC}") = "UnityEditor.TestRunner", "UnityEditor.TestRunner.csproj", "{B682627D-7BC2-DEF5-C1D8-9B00482699E9}"
EndProject
Project("{FAE04EC0-301F-11D3-BF4B-00C04F79EFBC}") = "Unity.PlasticSCM.Editor", "Unity.PlasticSCM.Editor.csproj", "{86DFFE70-B9CB-8CC6-539B-CF0A226A1C44}"
EndProject
Project("{FAE04EC0-301F-11D3-BF4B-00C04F79EFBC}") = "UnityEditor.UI", "UnityEditor.UI.csproj", "{EDC4E191-0DD8-08BF-9128-5B3B0A6DF0FC}"
EndProject
Project("{FAE04EC0-301F-11D3-BF4B-00C04F79EFBC}") = "Unity.Services.Core.Editor", "Unity.Services.Core.Editor.csproj", "{EE1735FF-D706-3424-CCE9-40E584DC6300}"
EndProject
Project("{FAE04EC0-301F-11D3-BF4B-00C04F79EFBC}") = "Unity.Timeline.Editor", "Unity.Timeline.Editor.csproj", "{A76C081C-DB56-3334-325D-98A9C12A0250}"
EndProject
Project("{FAE04EC0-301F-11D3-BF4B-00C04F79EFBC}") = "Unity.VisualStudio.Editor", "Unity.VisualStudio.Editor.csproj", "{5DFC7758-44E9-8D2D-6320-E0AA82164D25}"
EndProject
Project("{FAE04EC0-301F-11D3-BF4B-00C04F79EFBC}") = "Unity.2D.Psdimporter.Editor", "Unity.2D.Psdimporter.Editor.csproj", "{6C8C33CE-1A49-BEBF-E039-EB9FFD66BE5D}"
EndProject
Project("{FAE04EC0-301F-11D3-BF4B-00C04F79EFBC}") = "Unity.2D.Animation.Editor", "Unity.2D.Animation.Editor.csproj", "{E2A50E68-F6A6-AB60-1370-DF17755B85AE}"
EndProject
Project("{FAE04EC0-301F-11D3-BF4B-00C04F79EFBC}") = "Unity.TextMeshPro.Editor", "Unity.TextMeshPro.Editor.csproj", "{8A9E8B85-F0CB-AFBE-73FB-B542D590556C}"
EndProject
Project("{FAE04EC0-301F-11D3-BF4B-00C04F79EFBC}") = "Unity.2D.SpriteShape.Editor", "Unity.2D.SpriteShape.Editor.csproj", "{9DAE2F94-7AE0-2D6D-1A23-EAA2B0ADAEB9}"
EndProject
Project("{FAE04EC0-301F-11D3-BF4B-00C04F79EFBC}") = "Unity.CollabProxy.Editor", "Unity.CollabProxy.Editor.csproj", "{D5CDD7BF-1A8F-59B8-E5AF-9F5CF14F08B3}"
EndProject
Project("{FAE04EC0-301F-11D3-BF4B-00C04F79EFBC}") = "PsdPlugin", "PsdPlugin.csproj", "{2DF23683-5A8F-53FF-DBB6-A4E078E9391B}"
EndProject
Project("{FAE04EC0-301F-11D3-BF4B-00C04F79EFBC}") = "DocCodeExamples", "DocCodeExamples.csproj", "{A77B90E8-FB3F-858C-81F9-19FD5A10C33F}"
EndProject
Project("{FAE04EC0-301F-11D3-BF4B-00C04F79EFBC}") = "Unity.2D.Path.Editor", "Unity.2D.Path.Editor.csproj", "{C65BF084-4C5D-DAE7-81CB-655B85BF097B}"
EndProject
Project("{FAE04EC0-301F-11D3-BF4B-00C04F79EFBC}") = "Unity.Mathematics.Tests", "Unity.Mathematics.Tests.csproj", "{D969F8D2-0EC1-44EC-5890-2099D528D169}"
EndProject
Project("{FAE04EC0-301F-11D3-BF4B-00C04F79EFBC}") = "Unity.PlasticSCM.EditorTests", "Unity.PlasticSCM.EditorTests.csproj", "{9BCC73BE-8D93-C883-928B-7D40B0AD5DF1}"
EndProject
Project("{FAE04EC0-301F-11D3-BF4B-00C04F79EFBC}") = "Unity.Rider.Editor", "Unity.Rider.Editor.csproj", "{2F61B5B0-1450-FC8F-75B0-A932271CCC58}"
EndProject
Project("{FAE04EC0-301F-11D3-BF4B-00C04F79EFBC}") = "UnityEditor.UI.EditorTests", "UnityEditor.UI.EditorTests.csproj", "{BBC1FD4E-E8D3-4919-BA8A-E386CB8FB3AB}"
EndProject
Project("{FAE04EC0-301F-11D3-BF4B-00C04F79EFBC}") = "Unity.CollabProxy.EditorTests", "Unity.CollabProxy.EditorTests.csproj", "{34B1D753-C46F-3B1F-1CB5-DCC1F502E00B}"
EndProject
Project("{FAE04EC0-301F-11D3-BF4B-00C04F79EFBC}") = "Unity.2D.IK.Editor", "Unity.2D.IK.Editor.csproj", "{D6124DC8-7BAF-BA76-BC0F-58AD0DEF1532}"
EndProject
Project("{FAE04EC0-301F-11D3-BF4B-00C04F79EFBC}") = "Unity.2D.SpriteShape.EditorTests", "Unity.2D.SpriteShape.EditorTests.csproj", "{5FD58F1E-A642-8FB2-B313-7609685974D9}"
EndProject
Project("{FAE04EC0-301F-11D3-BF4B-00C04F79EFBC}") = "Unity.2D.Sprite.Editor", "Unity.2D.Sprite.Editor.csproj", "{986EB869-3CB1-AB8B-10C2-3134C3057D42}"
EndProject
Project("{FAE04EC0-301F-11D3-BF4B-00C04F79EFBC}") = "Unity.2D.Tilemap.Editor", "Unity.2D.Tilemap.Editor.csproj", "{37F33FCD-16AB-BE59-8BCB-0B84228A913D}"
EndProject
Project("{FAE04EC0-301F-11D3-BF4B-00C04F79EFBC}") = "Unity.2D.PixelPerfect.Editor", "Unity.2D.PixelPerfect.Editor.csproj", "{DD585B0D-ED23-6FE0-43C5-F3E02AA2EE02}"
EndProject
Project("{FAE04EC0-301F-11D3-BF4B-00C04F79EFBC}") = "Unity.VSCode.Editor", "Unity.VSCode.Editor.csproj", "{87D73293-84CF-4973-D951-672F4B6DD52D}"
EndProject
Project("{FAE04EC0-301F-11D3-BF4B-00C04F79EFBC}") = "Unity.2D.Common.Editor", "Unity.2D.Common.Editor.csproj", "{7CBA02F3-8E56-2BB7-1D69-CD5D09A3799C}"
EndProject
Project("{FAE04EC0-301F-11D3-BF4B-00C04F79EFBC}") = "Unity.Mathematics.Editor", "Unity.Mathematics.Editor.csproj", "{96F2B044-5EFB-4A99-D9E8-142CE2538667}"
EndProject
Project("{FAE04EC0-301F-11D3-BF4B-00C04F79EFBC}") = "Unity.2D.PixelPerfect.Editor.Tests", "Unity.2D.PixelPerfect.Editor.Tests.csproj", "{14DD16AA-D1CF-BA26-4D49-F1275E9B6F01}"
EndProject
Project("{FAE04EC0-301F-11D3-BF4B-00C04F79EFBC}") = "Unity.2D.Common.EditorTests", "Unity.2D.Common.EditorTests.csproj", "{21B71365-0BF5-1E1C-5EC3-DAB82FDC3B82}"
EndProject
Project("{FAE04EC0-301F-11D3-BF4B-00C04F79EFBC}") = "Unity.2D.Path.Tests", "Unity.2D.Path.Tests.csproj", "{D5F0BF56-A930-E77B-1B40-545950780A82}"
EndProject
Project("{FAE04EC0-301F-11D3-BF4B-00C04F79EFBC}") = "Unity.InternalAPIEditorBridge.001", "Unity.InternalAPIEditorBridge.001.csproj", "{D3472640-36BC-04C9-5FDF-52D2F5540EC2}"
EndProject
Project("{FAE04EC0-301F-11D3-BF4B-00C04F79EFBC}") = "Unity.2D.Tilemap.Package.EditorTests", "Unity.2D.Tilemap.Package.EditorTests.csproj", "{7D8D6589-E615-F5EA-D5AB-071BA1CCBA09}"
EndProject
Project("{FAE04EC0-301F-11D3-BF4B-00C04F79EFBC}") = "Unity.2D.Psdimporter.EditorTests", "Unity.2D.Psdimporter.EditorTests.csproj", "{7F105D37-F9F7-7358-5A35-6F0663B44A2B}"
EndProject
Project("{FAE04EC0-301F-11D3-BF4B-00C04F79EFBC}") = "Unity.2D.Sprite.Package.EditorTests", "Unity.2D.Sprite.Package.EditorTests.csproj", "{197021E0-3AB9-016C-2138-4B1972885338}"
EndProject
Project("{FAE04EC0-301F-11D3-BF4B-00C04F79EFBC}") = "Unity.TextMeshPro.Editor.Tests", "Unity.TextMeshPro.Editor.Tests.csproj", "{80833435-647D-6797-D7E2-7A9697E22E01}"
EndProject
Project("{FAE04EC0-301F-11D3-BF4B-00C04F79EFBC}") = "Unity.2D.Animation.EditorTests", "Unity.2D.Animation.EditorTests.csproj", "{69B18E8A-0EE6-9A03-EAAF-43AEDF15CC0B}"
EndProject
Global
	GlobalSection(SolutionConfigurationPlatforms) = preSolution
		Debug|Any CPU = Debug|Any CPU
		Release|Any CPU = Release|Any CPU
	EndGlobalSection
	GlobalSection(ProjectConfigurationPlatforms) = postSolution
		{EF9FB7E8-A00E-BF08-3F1D-B4B27F6EE5C7}.Debug|Any CPU.ActiveCfg = Debug|Any CPU
		{EF9FB7E8-A00E-BF08-3F1D-B4B27F6EE5C7}.Debug|Any CPU.Build.0 = Debug|Any CPU
		{EF9FB7E8-A00E-BF08-3F1D-B4B27F6EE5C7}.Release|Any CPU.ActiveCfg = Release|Any CPU
		{EF9FB7E8-A00E-BF08-3F1D-B4B27F6EE5C7}.Release|Any CPU.Build.0 = Release|Any CPU
		{A624CDD7-E6B0-B454-B8E9-768D41C7D521}.Debug|Any CPU.ActiveCfg = Debug|Any CPU
		{A624CDD7-E6B0-B454-B8E9-768D41C7D521}.Debug|Any CPU.Build.0 = Debug|Any CPU
		{A624CDD7-E6B0-B454-B8E9-768D41C7D521}.Release|Any CPU.ActiveCfg = Release|Any CPU
		{A624CDD7-E6B0-B454-B8E9-768D41C7D521}.Release|Any CPU.Build.0 = Release|Any CPU
		{C7AC1489-A818-585E-9A76-3447097CCFCC}.Debug|Any CPU.ActiveCfg = Debug|Any CPU
		{C7AC1489-A818-585E-9A76-3447097CCFCC}.Debug|Any CPU.Build.0 = Debug|Any CPU
		{C7AC1489-A818-585E-9A76-3447097CCFCC}.Release|Any CPU.ActiveCfg = Release|Any CPU
		{C7AC1489-A818-585E-9A76-3447097CCFCC}.Release|Any CPU.Build.0 = Release|Any CPU
		{6D01CDEF-8BFA-88D9-4F8B-9A2F983A75EB}.Debug|Any CPU.ActiveCfg = Debug|Any CPU
		{6D01CDEF-8BFA-88D9-4F8B-9A2F983A75EB}.Debug|Any CPU.Build.0 = Debug|Any CPU
		{6D01CDEF-8BFA-88D9-4F8B-9A2F983A75EB}.Release|Any CPU.ActiveCfg = Release|Any CPU
		{6D01CDEF-8BFA-88D9-4F8B-9A2F983A75EB}.Release|Any CPU.Build.0 = Release|Any CPU
		{FD968A1D-2293-E0AC-91AB-7138F9127582}.Debug|Any CPU.ActiveCfg = Debug|Any CPU
		{FD968A1D-2293-E0AC-91AB-7138F9127582}.Debug|Any CPU.Build.0 = Debug|Any CPU
		{FD968A1D-2293-E0AC-91AB-7138F9127582}.Release|Any CPU.ActiveCfg = Release|Any CPU
		{FD968A1D-2293-E0AC-91AB-7138F9127582}.Release|Any CPU.Build.0 = Release|Any CPU
		{8D002AF3-F663-0D67-5797-C0CEA53ACE99}.Debug|Any CPU.ActiveCfg = Debug|Any CPU
		{8D002AF3-F663-0D67-5797-C0CEA53ACE99}.Debug|Any CPU.Build.0 = Debug|Any CPU
		{8D002AF3-F663-0D67-5797-C0CEA53ACE99}.Release|Any CPU.ActiveCfg = Release|Any CPU
		{8D002AF3-F663-0D67-5797-C0CEA53ACE99}.Release|Any CPU.Build.0 = Release|Any CPU
		{BF2EBFB4-AC32-AB04-65D6-A2B4E870A490}.Debug|Any CPU.ActiveCfg = Debug|Any CPU
		{BF2EBFB4-AC32-AB04-65D6-A2B4E870A490}.Debug|Any CPU.Build.0 = Debug|Any CPU
		{BF2EBFB4-AC32-AB04-65D6-A2B4E870A490}.Release|Any CPU.ActiveCfg = Release|Any CPU
		{BF2EBFB4-AC32-AB04-65D6-A2B4E870A490}.Release|Any CPU.Build.0 = Release|Any CPU
		{B5F70C9D-74EF-A76D-7C17-869E99471AD0}.Debug|Any CPU.ActiveCfg = Debug|Any CPU
		{B5F70C9D-74EF-A76D-7C17-869E99471AD0}.Debug|Any CPU.Build.0 = Debug|Any CPU
		{B5F70C9D-74EF-A76D-7C17-869E99471AD0}.Release|Any CPU.ActiveCfg = Release|Any CPU
		{B5F70C9D-74EF-A76D-7C17-869E99471AD0}.Release|Any CPU.Build.0 = Release|Any CPU
		{ABE921BB-F816-FD07-8567-099530AC2008}.Debug|Any CPU.ActiveCfg = Debug|Any CPU
		{ABE921BB-F816-FD07-8567-099530AC2008}.Debug|Any CPU.Build.0 = Debug|Any CPU
		{ABE921BB-F816-FD07-8567-099530AC2008}.Release|Any CPU.ActiveCfg = Release|Any CPU
		{ABE921BB-F816-FD07-8567-099530AC2008}.Release|Any CPU.Build.0 = Release|Any CPU
		{A514BF65-7EAA-A51F-B40E-79F35C34ED28}.Debug|Any CPU.ActiveCfg = Debug|Any CPU
		{A514BF65-7EAA-A51F-B40E-79F35C34ED28}.Debug|Any CPU.Build.0 = Debug|Any CPU
		{A514BF65-7EAA-A51F-B40E-79F35C34ED28}.Release|Any CPU.ActiveCfg = Release|Any CPU
		{A514BF65-7EAA-A51F-B40E-79F35C34ED28}.Release|Any CPU.Build.0 = Release|Any CPU
		{07699FE7-D7BC-9DFB-4053-07BF61D69F0B}.Debug|Any CPU.ActiveCfg = Debug|Any CPU
		{07699FE7-D7BC-9DFB-4053-07BF61D69F0B}.Debug|Any CPU.Build.0 = Debug|Any CPU
		{07699FE7-D7BC-9DFB-4053-07BF61D69F0B}.Release|Any CPU.ActiveCfg = Release|Any CPU
		{07699FE7-D7BC-9DFB-4053-07BF61D69F0B}.Release|Any CPU.Build.0 = Release|Any CPU
		{27FD88FF-FC39-D032-42BA-663324F12C3B}.Debug|Any CPU.ActiveCfg = Debug|Any CPU
		{27FD88FF-FC39-D032-42BA-663324F12C3B}.Debug|Any CPU.Build.0 = Debug|Any CPU
		{27FD88FF-FC39-D032-42BA-663324F12C3B}.Release|Any CPU.ActiveCfg = Release|Any CPU
		{27FD88FF-FC39-D032-42BA-663324F12C3B}.Release|Any CPU.Build.0 = Release|Any CPU
		{01C631FB-B91A-F764-F0D7-69245998AD5E}.Debug|Any CPU.ActiveCfg = Debug|Any CPU
		{01C631FB-B91A-F764-F0D7-69245998AD5E}.Debug|Any CPU.Build.0 = Debug|Any CPU
		{01C631FB-B91A-F764-F0D7-69245998AD5E}.Release|Any CPU.ActiveCfg = Release|Any CPU
		{01C631FB-B91A-F764-F0D7-69245998AD5E}.Release|Any CPU.Build.0 = Release|Any CPU
		{F6B531F7-2D1F-E7BA-FDBD-B13DBE49E6F9}.Debug|Any CPU.ActiveCfg = Debug|Any CPU
		{F6B531F7-2D1F-E7BA-FDBD-B13DBE49E6F9}.Debug|Any CPU.Build.0 = Debug|Any CPU
		{F6B531F7-2D1F-E7BA-FDBD-B13DBE49E6F9}.Release|Any CPU.ActiveCfg = Release|Any CPU
		{F6B531F7-2D1F-E7BA-FDBD-B13DBE49E6F9}.Release|Any CPU.Build.0 = Release|Any CPU
		{C037598B-F99A-8BB7-375E-B4D0CEE898CC}.Debug|Any CPU.ActiveCfg = Debug|Any CPU
		{C037598B-F99A-8BB7-375E-B4D0CEE898CC}.Debug|Any CPU.Build.0 = Debug|Any CPU
		{C037598B-F99A-8BB7-375E-B4D0CEE898CC}.Release|Any CPU.ActiveCfg = Release|Any CPU
		{C037598B-F99A-8BB7-375E-B4D0CEE898CC}.Release|Any CPU.Build.0 = Release|Any CPU
		{B682627D-7BC2-DEF5-C1D8-9B00482699E9}.Debug|Any CPU.ActiveCfg = Debug|Any CPU
		{B682627D-7BC2-DEF5-C1D8-9B00482699E9}.Debug|Any CPU.Build.0 = Debug|Any CPU
		{B682627D-7BC2-DEF5-C1D8-9B00482699E9}.Release|Any CPU.ActiveCfg = Release|Any CPU
		{B682627D-7BC2-DEF5-C1D8-9B00482699E9}.Release|Any CPU.Build.0 = Release|Any CPU
		{86DFFE70-B9CB-8CC6-539B-CF0A226A1C44}.Debug|Any CPU.ActiveCfg = Debug|Any CPU
		{86DFFE70-B9CB-8CC6-539B-CF0A226A1C44}.Debug|Any CPU.Build.0 = Debug|Any CPU
		{86DFFE70-B9CB-8CC6-539B-CF0A226A1C44}.Release|Any CPU.ActiveCfg = Release|Any CPU
		{86DFFE70-B9CB-8CC6-539B-CF0A226A1C44}.Release|Any CPU.Build.0 = Release|Any CPU
		{EDC4E191-0DD8-08BF-9128-5B3B0A6DF0FC}.Debug|Any CPU.ActiveCfg = Debug|Any CPU
		{EDC4E191-0DD8-08BF-9128-5B3B0A6DF0FC}.Debug|Any CPU.Build.0 = Debug|Any CPU
		{EDC4E191-0DD8-08BF-9128-5B3B0A6DF0FC}.Release|Any CPU.ActiveCfg = Release|Any CPU
		{EDC4E191-0DD8-08BF-9128-5B3B0A6DF0FC}.Release|Any CPU.Build.0 = Release|Any CPU
		{EE1735FF-D706-3424-CCE9-40E584DC6300}.Debug|Any CPU.ActiveCfg = Debug|Any CPU
		{EE1735FF-D706-3424-CCE9-40E584DC6300}.Debug|Any CPU.Build.0 = Debug|Any CPU
		{EE1735FF-D706-3424-CCE9-40E584DC6300}.Release|Any CPU.ActiveCfg = Release|Any CPU
		{EE1735FF-D706-3424-CCE9-40E584DC6300}.Release|Any CPU.Build.0 = Release|Any CPU
		{A76C081C-DB56-3334-325D-98A9C12A0250}.Debug|Any CPU.ActiveCfg = Debug|Any CPU
		{A76C081C-DB56-3334-325D-98A9C12A0250}.Debug|Any CPU.Build.0 = Debug|Any CPU
		{A76C081C-DB56-3334-325D-98A9C12A0250}.Release|Any CPU.ActiveCfg = Release|Any CPU
		{A76C081C-DB56-3334-325D-98A9C12A0250}.Release|Any CPU.Build.0 = Release|Any CPU
		{5DFC7758-44E9-8D2D-6320-E0AA82164D25}.Debug|Any CPU.ActiveCfg = Debug|Any CPU
		{5DFC7758-44E9-8D2D-6320-E0AA82164D25}.Debug|Any CPU.Build.0 = Debug|Any CPU
		{5DFC7758-44E9-8D2D-6320-E0AA82164D25}.Release|Any CPU.ActiveCfg = Release|Any CPU
		{5DFC7758-44E9-8D2D-6320-E0AA82164D25}.Release|Any CPU.Build.0 = Release|Any CPU
		{6C8C33CE-1A49-BEBF-E039-EB9FFD66BE5D}.Debug|Any CPU.ActiveCfg = Debug|Any CPU
		{6C8C33CE-1A49-BEBF-E039-EB9FFD66BE5D}.Debug|Any CPU.Build.0 = Debug|Any CPU
		{6C8C33CE-1A49-BEBF-E039-EB9FFD66BE5D}.Release|Any CPU.ActiveCfg = Release|Any CPU
		{6C8C33CE-1A49-BEBF-E039-EB9FFD66BE5D}.Release|Any CPU.Build.0 = Release|Any CPU
		{E2A50E68-F6A6-AB60-1370-DF17755B85AE}.Debug|Any CPU.ActiveCfg = Debug|Any CPU
		{E2A50E68-F6A6-AB60-1370-DF17755B85AE}.Debug|Any CPU.Build.0 = Debug|Any CPU
		{E2A50E68-F6A6-AB60-1370-DF17755B85AE}.Release|Any CPU.ActiveCfg = Release|Any CPU
		{E2A50E68-F6A6-AB60-1370-DF17755B85AE}.Release|Any CPU.Build.0 = Release|Any CPU
		{8A9E8B85-F0CB-AFBE-73FB-B542D590556C}.Debug|Any CPU.ActiveCfg = Debug|Any CPU
		{8A9E8B85-F0CB-AFBE-73FB-B542D590556C}.Debug|Any CPU.Build.0 = Debug|Any CPU
		{8A9E8B85-F0CB-AFBE-73FB-B542D590556C}.Release|Any CPU.ActiveCfg = Release|Any CPU
		{8A9E8B85-F0CB-AFBE-73FB-B542D590556C}.Release|Any CPU.Build.0 = Release|Any CPU
		{9DAE2F94-7AE0-2D6D-1A23-EAA2B0ADAEB9}.Debug|Any CPU.ActiveCfg = Debug|Any CPU
		{9DAE2F94-7AE0-2D6D-1A23-EAA2B0ADAEB9}.Debug|Any CPU.Build.0 = Debug|Any CPU
		{9DAE2F94-7AE0-2D6D-1A23-EAA2B0ADAEB9}.Release|Any CPU.ActiveCfg = Release|Any CPU
		{9DAE2F94-7AE0-2D6D-1A23-EAA2B0ADAEB9}.Release|Any CPU.Build.0 = Release|Any CPU
		{D5CDD7BF-1A8F-59B8-E5AF-9F5CF14F08B3}.Debug|Any CPU.ActiveCfg = Debug|Any CPU
		{D5CDD7BF-1A8F-59B8-E5AF-9F5CF14F08B3}.Debug|Any CPU.Build.0 = Debug|Any CPU
		{D5CDD7BF-1A8F-59B8-E5AF-9F5CF14F08B3}.Release|Any CPU.ActiveCfg = Release|Any CPU
		{D5CDD7BF-1A8F-59B8-E5AF-9F5CF14F08B3}.Release|Any CPU.Build.0 = Release|Any CPU
		{2DF23683-5A8F-53FF-DBB6-A4E078E9391B}.Debug|Any CPU.ActiveCfg = Debug|Any CPU
		{2DF23683-5A8F-53FF-DBB6-A4E078E9391B}.Debug|Any CPU.Build.0 = Debug|Any CPU
		{2DF23683-5A8F-53FF-DBB6-A4E078E9391B}.Release|Any CPU.ActiveCfg = Release|Any CPU
		{2DF23683-5A8F-53FF-DBB6-A4E078E9391B}.Release|Any CPU.Build.0 = Release|Any CPU
		{A77B90E8-FB3F-858C-81F9-19FD5A10C33F}.Debug|Any CPU.ActiveCfg = Debug|Any CPU
		{A77B90E8-FB3F-858C-81F9-19FD5A10C33F}.Debug|Any CPU.Build.0 = Debug|Any CPU
		{A77B90E8-FB3F-858C-81F9-19FD5A10C33F}.Release|Any CPU.ActiveCfg = Release|Any CPU
		{A77B90E8-FB3F-858C-81F9-19FD5A10C33F}.Release|Any CPU.Build.0 = Release|Any CPU
		{C65BF084-4C5D-DAE7-81CB-655B85BF097B}.Debug|Any CPU.ActiveCfg = Debug|Any CPU
		{C65BF084-4C5D-DAE7-81CB-655B85BF097B}.Debug|Any CPU.Build.0 = Debug|Any CPU
		{C65BF084-4C5D-DAE7-81CB-655B85BF097B}.Release|Any CPU.ActiveCfg = Release|Any CPU
		{C65BF084-4C5D-DAE7-81CB-655B85BF097B}.Release|Any CPU.Build.0 = Release|Any CPU
		{D969F8D2-0EC1-44EC-5890-2099D528D169}.Debug|Any CPU.ActiveCfg = Debug|Any CPU
		{D969F8D2-0EC1-44EC-5890-2099D528D169}.Debug|Any CPU.Build.0 = Debug|Any CPU
		{D969F8D2-0EC1-44EC-5890-2099D528D169}.Release|Any CPU.ActiveCfg = Release|Any CPU
		{D969F8D2-0EC1-44EC-5890-2099D528D169}.Release|Any CPU.Build.0 = Release|Any CPU
		{9BCC73BE-8D93-C883-928B-7D40B0AD5DF1}.Debug|Any CPU.ActiveCfg = Debug|Any CPU
		{9BCC73BE-8D93-C883-928B-7D40B0AD5DF1}.Debug|Any CPU.Build.0 = Debug|Any CPU
		{9BCC73BE-8D93-C883-928B-7D40B0AD5DF1}.Release|Any CPU.ActiveCfg = Release|Any CPU
		{9BCC73BE-8D93-C883-928B-7D40B0AD5DF1}.Release|Any CPU.Build.0 = Release|Any CPU
		{2F61B5B0-1450-FC8F-75B0-A932271CCC58}.Debug|Any CPU.ActiveCfg = Debug|Any CPU
		{2F61B5B0-1450-FC8F-75B0-A932271CCC58}.Debug|Any CPU.Build.0 = Debug|Any CPU
		{2F61B5B0-1450-FC8F-75B0-A932271CCC58}.Release|Any CPU.ActiveCfg = Release|Any CPU
		{2F61B5B0-1450-FC8F-75B0-A932271CCC58}.Release|Any CPU.Build.0 = Release|Any CPU
		{BBC1FD4E-E8D3-4919-BA8A-E386CB8FB3AB}.Debug|Any CPU.ActiveCfg = Debug|Any CPU
		{BBC1FD4E-E8D3-4919-BA8A-E386CB8FB3AB}.Debug|Any CPU.Build.0 = Debug|Any CPU
		{BBC1FD4E-E8D3-4919-BA8A-E386CB8FB3AB}.Release|Any CPU.ActiveCfg = Release|Any CPU
		{BBC1FD4E-E8D3-4919-BA8A-E386CB8FB3AB}.Release|Any CPU.Build.0 = Release|Any CPU
		{34B1D753-C46F-3B1F-1CB5-DCC1F502E00B}.Debug|Any CPU.ActiveCfg = Debug|Any CPU
		{34B1D753-C46F-3B1F-1CB5-DCC1F502E00B}.Debug|Any CPU.Build.0 = Debug|Any CPU
		{34B1D753-C46F-3B1F-1CB5-DCC1F502E00B}.Release|Any CPU.ActiveCfg = Release|Any CPU
		{34B1D753-C46F-3B1F-1CB5-DCC1F502E00B}.Release|Any CPU.Build.0 = Release|Any CPU
		{D6124DC8-7BAF-BA76-BC0F-58AD0DEF1532}.Debug|Any CPU.ActiveCfg = Debug|Any CPU
		{D6124DC8-7BAF-BA76-BC0F-58AD0DEF1532}.Debug|Any CPU.Build.0 = Debug|Any CPU
		{D6124DC8-7BAF-BA76-BC0F-58AD0DEF1532}.Release|Any CPU.ActiveCfg = Release|Any CPU
		{D6124DC8-7BAF-BA76-BC0F-58AD0DEF1532}.Release|Any CPU.Build.0 = Release|Any CPU
		{5FD58F1E-A642-8FB2-B313-7609685974D9}.Debug|Any CPU.ActiveCfg = Debug|Any CPU
		{5FD58F1E-A642-8FB2-B313-7609685974D9}.Debug|Any CPU.Build.0 = Debug|Any CPU
		{5FD58F1E-A642-8FB2-B313-7609685974D9}.Release|Any CPU.ActiveCfg = Release|Any CPU
		{5FD58F1E-A642-8FB2-B313-7609685974D9}.Release|Any CPU.Build.0 = Release|Any CPU
		{986EB869-3CB1-AB8B-10C2-3134C3057D42}.Debug|Any CPU.ActiveCfg = Debug|Any CPU
		{986EB869-3CB1-AB8B-10C2-3134C3057D42}.Debug|Any CPU.Build.0 = Debug|Any CPU
		{986EB869-3CB1-AB8B-10C2-3134C3057D42}.Release|Any CPU.ActiveCfg = Release|Any CPU
		{986EB869-3CB1-AB8B-10C2-3134C3057D42}.Release|Any CPU.Build.0 = Release|Any CPU
		{37F33FCD-16AB-BE59-8BCB-0B84228A913D}.Debug|Any CPU.ActiveCfg = Debug|Any CPU
		{37F33FCD-16AB-BE59-8BCB-0B84228A913D}.Debug|Any CPU.Build.0 = Debug|Any CPU
		{37F33FCD-16AB-BE59-8BCB-0B84228A913D}.Release|Any CPU.ActiveCfg = Release|Any CPU
		{37F33FCD-16AB-BE59-8BCB-0B84228A913D}.Release|Any CPU.Build.0 = Release|Any CPU
		{DD585B0D-ED23-6FE0-43C5-F3E02AA2EE02}.Debug|Any CPU.ActiveCfg = Debug|Any CPU
		{DD585B0D-ED23-6FE0-43C5-F3E02AA2EE02}.Debug|Any CPU.Build.0 = Debug|Any CPU
		{DD585B0D-ED23-6FE0-43C5-F3E02AA2EE02}.Release|Any CPU.ActiveCfg = Release|Any CPU
		{DD585B0D-ED23-6FE0-43C5-F3E02AA2EE02}.Release|Any CPU.Build.0 = Release|Any CPU
		{87D73293-84CF-4973-D951-672F4B6DD52D}.Debug|Any CPU.ActiveCfg = Debug|Any CPU
		{87D73293-84CF-4973-D951-672F4B6DD52D}.Debug|Any CPU.Build.0 = Debug|Any CPU
		{87D73293-84CF-4973-D951-672F4B6DD52D}.Release|Any CPU.ActiveCfg = Release|Any CPU
		{87D73293-84CF-4973-D951-672F4B6DD52D}.Release|Any CPU.Build.0 = Release|Any CPU
		{7CBA02F3-8E56-2BB7-1D69-CD5D09A3799C}.Debug|Any CPU.ActiveCfg = Debug|Any CPU
		{7CBA02F3-8E56-2BB7-1D69-CD5D09A3799C}.Debug|Any CPU.Build.0 = Debug|Any CPU
		{7CBA02F3-8E56-2BB7-1D69-CD5D09A3799C}.Release|Any CPU.ActiveCfg = Release|Any CPU
		{7CBA02F3-8E56-2BB7-1D69-CD5D09A3799C}.Release|Any CPU.Build.0 = Release|Any CPU
		{96F2B044-5EFB-4A99-D9E8-142CE2538667}.Debug|Any CPU.ActiveCfg = Debug|Any CPU
		{96F2B044-5EFB-4A99-D9E8-142CE2538667}.Debug|Any CPU.Build.0 = Debug|Any CPU
		{96F2B044-5EFB-4A99-D9E8-142CE2538667}.Release|Any CPU.ActiveCfg = Release|Any CPU
		{96F2B044-5EFB-4A99-D9E8-142CE2538667}.Release|Any CPU.Build.0 = Release|Any CPU
		{14DD16AA-D1CF-BA26-4D49-F1275E9B6F01}.Debug|Any CPU.ActiveCfg = Debug|Any CPU
		{14DD16AA-D1CF-BA26-4D49-F1275E9B6F01}.Debug|Any CPU.Build.0 = Debug|Any CPU
		{14DD16AA-D1CF-BA26-4D49-F1275E9B6F01}.Release|Any CPU.ActiveCfg = Release|Any CPU
		{14DD16AA-D1CF-BA26-4D49-F1275E9B6F01}.Release|Any CPU.Build.0 = Release|Any CPU
		{21B71365-0BF5-1E1C-5EC3-DAB82FDC3B82}.Debug|Any CPU.ActiveCfg = Debug|Any CPU
		{21B71365-0BF5-1E1C-5EC3-DAB82FDC3B82}.Debug|Any CPU.Build.0 = Debug|Any CPU
		{21B71365-0BF5-1E1C-5EC3-DAB82FDC3B82}.Release|Any CPU.ActiveCfg = Release|Any CPU
		{21B71365-0BF5-1E1C-5EC3-DAB82FDC3B82}.Release|Any CPU.Build.0 = Release|Any CPU
		{D5F0BF56-A930-E77B-1B40-545950780A82}.Debug|Any CPU.ActiveCfg = Debug|Any CPU
		{D5F0BF56-A930-E77B-1B40-545950780A82}.Debug|Any CPU.Build.0 = Debug|Any CPU
		{D5F0BF56-A930-E77B-1B40-545950780A82}.Release|Any CPU.ActiveCfg = Release|Any CPU
		{D5F0BF56-A930-E77B-1B40-545950780A82}.Release|Any CPU.Build.0 = Release|Any CPU
		{D3472640-36BC-04C9-5FDF-52D2F5540EC2}.Debug|Any CPU.ActiveCfg = Debug|Any CPU
		{D3472640-36BC-04C9-5FDF-52D2F5540EC2}.Debug|Any CPU.Build.0 = Debug|Any CPU
		{D3472640-36BC-04C9-5FDF-52D2F5540EC2}.Release|Any CPU.ActiveCfg = Release|Any CPU
		{D3472640-36BC-04C9-5FDF-52D2F5540EC2}.Release|Any CPU.Build.0 = Release|Any CPU
		{7D8D6589-E615-F5EA-D5AB-071BA1CCBA09}.Debug|Any CPU.ActiveCfg = Debug|Any CPU
		{7D8D6589-E615-F5EA-D5AB-071BA1CCBA09}.Debug|Any CPU.Build.0 = Debug|Any CPU
		{7D8D6589-E615-F5EA-D5AB-071BA1CCBA09}.Release|Any CPU.ActiveCfg = Release|Any CPU
		{7D8D6589-E615-F5EA-D5AB-071BA1CCBA09}.Release|Any CPU.Build.0 = Release|Any CPU
		{7F105D37-F9F7-7358-5A35-6F0663B44A2B}.Debug|Any CPU.ActiveCfg = Debug|Any CPU
		{7F105D37-F9F7-7358-5A35-6F0663B44A2B}.Debug|Any CPU.Build.0 = Debug|Any CPU
		{7F105D37-F9F7-7358-5A35-6F0663B44A2B}.Release|Any CPU.ActiveCfg = Release|Any CPU
		{7F105D37-F9F7-7358-5A35-6F0663B44A2B}.Release|Any CPU.Build.0 = Release|Any CPU
		{197021E0-3AB9-016C-2138-4B1972885338}.Debug|Any CPU.ActiveCfg = Debug|Any CPU
		{197021E0-3AB9-016C-2138-4B1972885338}.Debug|Any CPU.Build.0 = Debug|Any CPU
		{197021E0-3AB9-016C-2138-4B1972885338}.Release|Any CPU.ActiveCfg = Release|Any CPU
		{197021E0-3AB9-016C-2138-4B1972885338}.Release|Any CPU.Build.0 = Release|Any CPU
		{80833435-647D-6797-D7E2-7A9697E22E01}.Debug|Any CPU.ActiveCfg = Debug|Any CPU
		{80833435-647D-6797-D7E2-7A9697E22E01}.Debug|Any CPU.Build.0 = Debug|Any CPU
		{80833435-647D-6797-D7E2-7A9697E22E01}.Release|Any CPU.ActiveCfg = Release|Any CPU
		{80833435-647D-6797-D7E2-7A9697E22E01}.Release|Any CPU.Build.0 = Release|Any CPU
		{69B18E8A-0EE6-9A03-EAAF-43AEDF15CC0B}.Debug|Any CPU.ActiveCfg = Debug|Any CPU
		{69B18E8A-0EE6-9A03-EAAF-43AEDF15CC0B}.Debug|Any CPU.Build.0 = Debug|Any CPU
		{69B18E8A-0EE6-9A03-EAAF-43AEDF15CC0B}.Release|Any CPU.ActiveCfg = Release|Any CPU
		{69B18E8A-0EE6-9A03-EAAF-43AEDF15CC0B}.Release|Any CPU.Build.0 = Release|Any CPU
	EndGlobalSection
	GlobalSection(SolutionProperties) = preSolution
		HideSolutionNode = FALSE
	EndGlobalSection
EndGlobal
